Microsoft Visual Studio Solution File, Format Version 12.00
# Visual Studio Version 17
VisualStudioVersion = 17.6.33712.159
MinimumVisualStudioVersion = 10.0.40219.1
Project("{2150E333-8FDC-42A3-9474-1A3956D46DE8}") = "Products", "Products", "{BFA42CAF-4517-4D9F-BB2C-17332CD3C1B9}"
EndProject
Project("{2150E333-8FDC-42A3-9474-1A3956D46DE8}") = "Libraries", "Libraries", "{B9DF7D0C-E8C2-470F-81A1-7EDE4D305B0B}"
EndProject
Project("{2150E333-8FDC-42A3-9474-1A3956D46DE8}") = "Licensing", "Licensing", "{3A0B2C11-43B0-4026-8788-1812ABC47518}"
EndProject
Project("{9A19103F-16F7-4668-BE54-9A1E7A4F7556}") = "MFractor.Licensing.Issuer", "Licensing\MFractor.Licensing.Issuer\MFractor.Licensing.Issuer.csproj", "{BBEC485E-8FE9-4DCD-9C82-CD62EB7C6CDD}"
EndProject
Project("{9A19103F-16F7-4668-BE54-9A1E7A4F7556}") = "MFractor.Portable.Licensing", "Licensing\MFractor.Portable.Licensing\MFractor.Portable.Licensing.csproj", "{6E25382A-C6F4-45C4-8C16-84183EEA3902}"
EndProject
Project("{9A19103F-16F7-4668-BE54-9A1E7A4F7556}") = "MFractor", "Libraries\MFractor\MFractor.csproj", "{6A3D1BE5-6A2B-48D4-AE92-51DD32F98324}"
EndProject
Project("{9A19103F-16F7-4668-BE54-9A1E7A4F7556}") = "MFractor.Localisation", "Libraries\MFractor.Localisation\MFractor.Localisation.csproj", "{CF634CDC-15ED-4FDF-A7E7-28BA434EC491}"
EndProject
Project("{9A19103F-16F7-4668-BE54-9A1E7A4F7556}") = "MFractor.Maui", "Libraries\MFractor.Maui\MFractor.Maui.csproj", "{2AEBF345-7438-42EB-A9F1-77F5CBB2BD58}"
EndProject
Project("{9A19103F-16F7-4668-BE54-9A1E7A4F7556}") = "MFractor.CSharp", "Libraries\MFractor.CSharp\MFractor.CSharp.csproj", "{01A11926-A8E1-4A1B-A7B3-90DF7C9B0F12}"
EndProject
Project("{9A19103F-16F7-4668-BE54-9A1E7A4F7556}") = "MFractor.Fonts", "Libraries\MFractor.Fonts\MFractor.Fonts.csproj", "{72888130-6EC7-4098-A309-2F0761A37CFF}"
EndProject
Project("{9A19103F-16F7-4668-BE54-9A1E7A4F7556}") = "MFractor.Xml", "Libraries\MFractor.Xml\MFractor.Xml.csproj", "{3BC1224B-4FCD-4318-BF48-62D2785FAD47}"
EndProject
Project("{9A19103F-16F7-4668-BE54-9A1E7A4F7556}") = "MFractor.iOS", "Libraries\MFractor.iOS\MFractor.iOS.csproj", "{427F7765-E6EF-4130-A607-025093BA3B8F}"
EndProject
Project("{9A19103F-16F7-4668-BE54-9A1E7A4F7556}") = "MFractor.Linker", "Libraries\MFractor.Linker\MFractor.Linker.csproj", "{8F20CFA7-F50D-48A4-B054-34BB920CD6B1}"
EndProject
Project("{D954291E-2A0B-460D-934E-DC6B0785DB48}") = "MFractor.Views", "Libraries\MFractor.Views\MFractor.Views.shproj", "{158F7544-798A-497C-BCF1-55DABACE1CCB}"
EndProject
Project("{9A19103F-16F7-4668-BE54-9A1E7A4F7556}") = "MFractor.Images", "Libraries\MFractor.Images\MFractor.Images.csproj", "{92F5F145-8D5A-4C03-8960-179855BC0AE2}"
EndProject
Project("{FAE04EC0-301F-11D3-BF4B-00C04F79EFBC}") = "MFractor.VS.Windows", "MFractor.VS.Windows\MFractor.VS.Windows.csproj", "{1EF304DB-4157-4ED9-821D-5861DC191D7D}"
EndProject
Project("{D954291E-2A0B-460D-934E-DC6B0785DB48}") = "MFractor.Editor", "Libraries\MFractor.Editor\MFractor.Editor.shproj", "{877455E9-B04D-4243-B54D-B901E28720C8}"
EndProject
Project("{9A19103F-16F7-4668-BE54-9A1E7A4F7556}") = "MFractor.Android", "Libraries\MFractor.Android\MFractor.Android.csproj", "{59EA543A-AFC6-4BF4-A5BC-605851D4BD73}"
EndProject
Project("{9A19103F-16F7-4668-BE54-9A1E7A4F7556}") = "MFractor.i18n", "Libraries\MFractor.i18n\MFractor.i18n.csproj", "{6D460946-D1F6-43DC-AD3C-20BC07ED6D2A}"
EndProject
Project("{9A19103F-16F7-4668-BE54-9A1E7A4F7556}") = "MFractor.MSBuild", "Libraries\MFractor.MSBuild\MFractor.MSBuild.csproj", "{19051B25-A066-4899-A3E3-E0A7B9E8F1AE}"
EndProject
Project("{2150E333-8FDC-42A3-9474-1A3956D46DE8}") = "Third Party", "Third Party", "{73990C0A-A22A-48C3-8574-B6E9D525657B}"
EndProject
Project("{9A19103F-16F7-4668-BE54-9A1E7A4F7556}") = "MFractor.Tinify", "Third Party\MFractor.Tinify\MFractor.Tinify.csproj", "{A9D0782A-ECAF-42F8-AEE4-30508E645978}"
EndProject
Project("{9A19103F-16F7-4668-BE54-9A1E7A4F7556}") = "MFractor.Workspace", "Libraries\MFractor.Workspace\MFractor.Workspace.csproj", "{AA73066A-756A-4FBD-8C6A-4D9DA20C0892}"
EndProject
Project("{9A19103F-16F7-4668-BE54-9A1E7A4F7556}") = "MFractor.Code", "Libraries\MFractor.Code\MFractor.Code.csproj", "{B61277DC-B39C-4CA1-A1FF-CAFD8CDB10CA}"
EndProject
Project("{9A19103F-16F7-4668-BE54-9A1E7A4F7556}") = "MFractor.Ide", "Libraries\MFractor.Ide\MFractor.Ide.csproj", "{DA2EB984-BF75-491B-9F4B-B7D2497E0721}"
EndProject
Global
	GlobalSection(SolutionConfigurationPlatforms) = preSolution
		Debug|Any CPU = Debug|Any CPU
		Release|Any CPU = Release|Any CPU
	EndGlobalSection
	GlobalSection(ProjectConfigurationPlatforms) = postSolution
		{BBEC485E-8FE9-4DCD-9C82-CD62EB7C6CDD}.Debug|Any CPU.ActiveCfg = Debug|Any CPU
		{BBEC485E-8FE9-4DCD-9C82-CD62EB7C6CDD}.Debug|Any CPU.Build.0 = Debug|Any CPU
		{BBEC485E-8FE9-4DCD-9C82-CD62EB7C6CDD}.Release|Any CPU.ActiveCfg = Release|Any CPU
		{BBEC485E-8FE9-4DCD-9C82-CD62EB7C6CDD}.Release|Any CPU.Build.0 = Release|Any CPU
		{6E25382A-C6F4-45C4-8C16-84183EEA3902}.Debug|Any CPU.ActiveCfg = Debug|Any CPU
		{6E25382A-C6F4-45C4-8C16-84183EEA3902}.Debug|Any CPU.Build.0 = Debug|Any CPU
		{6E25382A-C6F4-45C4-8C16-84183EEA3902}.Release|Any CPU.ActiveCfg = Release|Any CPU
		{6E25382A-C6F4-45C4-8C16-84183EEA3902}.Release|Any CPU.Build.0 = Release|Any CPU
		{6A3D1BE5-6A2B-48D4-AE92-51DD32F98324}.Debug|Any CPU.ActiveCfg = Debug|Any CPU
		{6A3D1BE5-6A2B-48D4-AE92-51DD32F98324}.Debug|Any CPU.Build.0 = Debug|Any CPU
		{6A3D1BE5-6A2B-48D4-AE92-51DD32F98324}.Release|Any CPU.ActiveCfg = Release|Any CPU
		{6A3D1BE5-6A2B-48D4-AE92-51DD32F98324}.Release|Any CPU.Build.0 = Release|Any CPU
		{CF634CDC-15ED-4FDF-A7E7-28BA434EC491}.Debug|Any CPU.ActiveCfg = Debug|Any CPU
		{CF634CDC-15ED-4FDF-A7E7-28BA434EC491}.Debug|Any CPU.Build.0 = Debug|Any CPU
		{CF634CDC-15ED-4FDF-A7E7-28BA434EC491}.Release|Any CPU.ActiveCfg = Release|Any CPU
		{CF634CDC-15ED-4FDF-A7E7-28BA434EC491}.Release|Any CPU.Build.0 = Release|Any CPU
		{2AEBF345-7438-42EB-A9F1-77F5CBB2BD58}.Debug|Any CPU.ActiveCfg = Debug|Any CPU
		{2AEBF345-7438-42EB-A9F1-77F5CBB2BD58}.Debug|Any CPU.Build.0 = Debug|Any CPU
		{2AEBF345-7438-42EB-A9F1-77F5CBB2BD58}.Release|Any CPU.ActiveCfg = Release|Any CPU
		{2AEBF345-7438-42EB-A9F1-77F5CBB2BD58}.Release|Any CPU.Build.0 = Release|Any CPU
		{01A11926-A8E1-4A1B-A7B3-90DF7C9B0F12}.Debug|Any CPU.ActiveCfg = Debug|Any CPU
		{01A11926-A8E1-4A1B-A7B3-90DF7C9B0F12}.Debug|Any CPU.Build.0 = Debug|Any CPU
		{01A11926-A8E1-4A1B-A7B3-90DF7C9B0F12}.Release|Any CPU.ActiveCfg = Release|Any CPU
		{01A11926-A8E1-4A1B-A7B3-90DF7C9B0F12}.Release|Any CPU.Build.0 = Release|Any CPU
		{72888130-6EC7-4098-A309-2F0761A37CFF}.Debug|Any CPU.ActiveCfg = Debug|Any CPU
		{72888130-6EC7-4098-A309-2F0761A37CFF}.Debug|Any CPU.Build.0 = Debug|Any CPU
		{72888130-6EC7-4098-A309-2F0761A37CFF}.Release|Any CPU.ActiveCfg = Release|Any CPU
		{72888130-6EC7-4098-A309-2F0761A37CFF}.Release|Any CPU.Build.0 = Release|Any CPU
		{3BC1224B-4FCD-4318-BF48-62D2785FAD47}.Debug|Any CPU.ActiveCfg = Debug|Any CPU
		{3BC1224B-4FCD-4318-BF48-62D2785FAD47}.Debug|Any CPU.Build.0 = Debug|Any CPU
		{3BC1224B-4FCD-4318-BF48-62D2785FAD47}.Release|Any CPU.ActiveCfg = Release|Any CPU
		{3BC1224B-4FCD-4318-BF48-62D2785FAD47}.Release|Any CPU.Build.0 = Release|Any CPU
		{427F7765-E6EF-4130-A607-025093BA3B8F}.Debug|Any CPU.ActiveCfg = Debug|Any CPU
		{427F7765-E6EF-4130-A607-025093BA3B8F}.Debug|Any CPU.Build.0 = Debug|Any CPU
		{427F7765-E6EF-4130-A607-025093BA3B8F}.Release|Any CPU.ActiveCfg = Release|Any CPU
		{427F7765-E6EF-4130-A607-025093BA3B8F}.Release|Any CPU.Build.0 = Release|Any CPU
		{8F20CFA7-F50D-48A4-B054-34BB920CD6B1}.Debug|Any CPU.ActiveCfg = Debug|Any CPU
		{8F20CFA7-F50D-48A4-B054-34BB920CD6B1}.Debug|Any CPU.Build.0 = Debug|Any CPU
		{8F20CFA7-F50D-48A4-B054-34BB920CD6B1}.Release|Any CPU.ActiveCfg = Release|Any CPU
		{8F20CFA7-F50D-48A4-B054-34BB920CD6B1}.Release|Any CPU.Build.0 = Release|Any CPU
		{92F5F145-8D5A-4C03-8960-179855BC0AE2}.Debug|Any CPU.ActiveCfg = Debug|Any CPU
		{92F5F145-8D5A-4C03-8960-179855BC0AE2}.Debug|Any CPU.Build.0 = Debug|Any CPU
		{92F5F145-8D5A-4C03-8960-179855BC0AE2}.Release|Any CPU.ActiveCfg = Release|Any CPU
		{92F5F145-8D5A-4C03-8960-179855BC0AE2}.Release|Any CPU.Build.0 = Release|Any CPU
		{1EF304DB-4157-4ED9-821D-5861DC191D7D}.Debug|Any CPU.ActiveCfg = Debug|Any CPU
		{1EF304DB-4157-4ED9-821D-5861DC191D7D}.Debug|Any CPU.Build.0 = Debug|Any CPU
		{1EF304DB-4157-4ED9-821D-5861DC191D7D}.Release|Any CPU.ActiveCfg = Release|Any CPU
		{1EF304DB-4157-4ED9-821D-5861DC191D7D}.Release|Any CPU.Build.0 = Release|Any CPU
		{59EA543A-AFC6-4BF4-A5BC-605851D4BD73}.Debug|Any CPU.ActiveCfg = Debug|Any CPU
		{59EA543A-AFC6-4BF4-A5BC-605851D4BD73}.Debug|Any CPU.Build.0 = Debug|Any CPU
		{59EA543A-AFC6-4BF4-A5BC-605851D4BD73}.Release|Any CPU.ActiveCfg = Release|Any CPU
		{59EA543A-AFC6-4BF4-A5BC-605851D4BD73}.Release|Any CPU.Build.0 = Release|Any CPU
		{6D460946-D1F6-43DC-AD3C-20BC07ED6D2A}.Debug|Any CPU.ActiveCfg = Debug|Any CPU
		{6D460946-D1F6-43DC-AD3C-20BC07ED6D2A}.Debug|Any CPU.Build.0 = Debug|Any CPU
		{6D460946-D1F6-43DC-AD3C-20BC07ED6D2A}.Release|Any CPU.ActiveCfg = Release|Any CPU
		{6D460946-D1F6-43DC-AD3C-20BC07ED6D2A}.Release|Any CPU.Build.0 = Release|Any CPU
		{19051B25-A066-4899-A3E3-E0A7B9E8F1AE}.Debug|Any CPU.ActiveCfg = Debug|Any CPU
		{19051B25-A066-4899-A3E3-E0A7B9E8F1AE}.Debug|Any CPU.Build.0 = Debug|Any CPU
		{19051B25-A066-4899-A3E3-E0A7B9E8F1AE}.Release|Any CPU.ActiveCfg = Release|Any CPU
		{19051B25-A066-4899-A3E3-E0A7B9E8F1AE}.Release|Any CPU.Build.0 = Release|Any CPU
		{A9D0782A-ECAF-42F8-AEE4-30508E645978}.Debug|Any CPU.ActiveCfg = Debug|Any CPU
		{A9D0782A-ECAF-42F8-AEE4-30508E645978}.Debug|Any CPU.Build.0 = Debug|Any CPU
		{A9D0782A-ECAF-42F8-AEE4-30508E645978}.Release|Any CPU.ActiveCfg = Release|Any CPU
		{A9D0782A-ECAF-42F8-AEE4-30508E645978}.Release|Any CPU.Build.0 = Release|Any CPU
		{AA73066A-756A-4FBD-8C6A-4D9DA20C0892}.Debug|Any CPU.ActiveCfg = Debug|Any CPU
		{AA73066A-756A-4FBD-8C6A-4D9DA20C0892}.Debug|Any CPU.Build.0 = Debug|Any CPU
		{AA73066A-756A-4FBD-8C6A-4D9DA20C0892}.Release|Any CPU.ActiveCfg = Release|Any CPU
		{AA73066A-756A-4FBD-8C6A-4D9DA20C0892}.Release|Any CPU.Build.0 = Release|Any CPU
		{B61277DC-B39C-4CA1-A1FF-CAFD8CDB10CA}.Debug|Any CPU.ActiveCfg = Debug|Any CPU
		{B61277DC-B39C-4CA1-A1FF-CAFD8CDB10CA}.Debug|Any CPU.Build.0 = Debug|Any CPU
		{B61277DC-B39C-4CA1-A1FF-CAFD8CDB10CA}.Release|Any CPU.ActiveCfg = Release|Any CPU
		{B61277DC-B39C-4CA1-A1FF-CAFD8CDB10CA}.Release|Any CPU.Build.0 = Release|Any CPU
		{DA2EB984-BF75-491B-9F4B-B7D2497E0721}.Debug|Any CPU.ActiveCfg = Debug|Any CPU
		{DA2EB984-BF75-491B-9F4B-B7D2497E0721}.Debug|Any CPU.Build.0 = Debug|Any CPU
		{DA2EB984-BF75-491B-9F4B-B7D2497E0721}.Release|Any CPU.ActiveCfg = Release|Any CPU
		{DA2EB984-BF75-491B-9F4B-B7D2497E0721}.Release|Any CPU.Build.0 = Release|Any CPU
	EndGlobalSection
	GlobalSection(SolutionProperties) = preSolution
		HideSolutionNode = FALSE
	EndGlobalSection
	GlobalSection(NestedProjects) = preSolution
		{BBEC485E-8FE9-4DCD-9C82-CD62EB7C6CDD} = {3A0B2C11-43B0-4026-8788-1812ABC47518}
		{6E25382A-C6F4-45C4-8C16-84183EEA3902} = {3A0B2C11-43B0-4026-8788-1812ABC47518}
		{6A3D1BE5-6A2B-48D4-AE92-51DD32F98324} = {B9DF7D0C-E8C2-470F-81A1-7EDE4D305B0B}
		{CF634CDC-15ED-4FDF-A7E7-28BA434EC491} = {B9DF7D0C-E8C2-470F-81A1-7EDE4D305B0B}
		{2AEBF345-7438-42EB-A9F1-77F5CBB2BD58} = {B9DF7D0C-E8C2-470F-81A1-7EDE4D305B0B}
		{01A11926-A8E1-4A1B-A7B3-90DF7C9B0F12} = {B9DF7D0C-E8C2-470F-81A1-7EDE4D305B0B}
		{72888130-6EC7-4098-A309-2F0761A37CFF} = {B9DF7D0C-E8C2-470F-81A1-7EDE4D305B0B}
		{3BC1224B-4FCD-4318-BF48-62D2785FAD47} = {B9DF7D0C-E8C2-470F-81A1-7EDE4D305B0B}
		{427F7765-E6EF-4130-A607-025093BA3B8F} = {B9DF7D0C-E8C2-470F-81A1-7EDE4D305B0B}
		{8F20CFA7-F50D-48A4-B054-34BB920CD6B1} = {B9DF7D0C-E8C2-470F-81A1-7EDE4D305B0B}
		{158F7544-798A-497C-BCF1-55DABACE1CCB} = {B9DF7D0C-E8C2-470F-81A1-7EDE4D305B0B}
		{92F5F145-8D5A-4C03-8960-179855BC0AE2} = {B9DF7D0C-E8C2-470F-81A1-7EDE4D305B0B}
		{1EF304DB-4157-4ED9-821D-5861DC191D7D} = {BFA42CAF-4517-4D9F-BB2C-17332CD3C1B9}
		{877455E9-B04D-4243-B54D-B901E28720C8} = {B9DF7D0C-E8C2-470F-81A1-7EDE4D305B0B}
		{59EA543A-AFC6-4BF4-A5BC-605851D4BD73} = {B9DF7D0C-E8C2-470F-81A1-7EDE4D305B0B}
		{6D460946-D1F6-43DC-AD3C-20BC07ED6D2A} = {B9DF7D0C-E8C2-470F-81A1-7EDE4D305B0B}
		{19051B25-A066-4899-A3E3-E0A7B9E8F1AE} = {B9DF7D0C-E8C2-470F-81A1-7EDE4D305B0B}
		{A9D0782A-ECAF-42F8-AEE4-30508E645978} = {73990C0A-A22A-48C3-8574-B6E9D525657B}
		{AA73066A-756A-4FBD-8C6A-4D9DA20C0892} = {B9DF7D0C-E8C2-470F-81A1-7EDE4D305B0B}
		{B61277DC-B39C-4CA1-A1FF-CAFD8CDB10CA} = {B9DF7D0C-E8C2-470F-81A1-7EDE4D305B0B}
		{DA2EB984-BF75-491B-9F4B-B7D2497E0721} = {B9DF7D0C-E8C2-470F-81A1-7EDE4D305B0B}
	EndGlobalSection
	GlobalSection(ExtensibilityGlobals) = postSolution
		SolutionGuid = {8B399D0A-2903-4667-BFC6-A6FD12BC6820}
	EndGlobalSection
	GlobalSection(SharedMSBuildProjectFiles) = preSolution
		Libraries\MFractor.Views\MFractor.Views.projitems*{158f7544-798a-497c-bcf1-55dabace1ccb}*SharedItemsImports = 13
		Libraries\MFractor.Editor\MFractor.Editor.projitems*{1ef304db-4157-4ed9-821d-5861dc191d7d}*SharedItemsImports = 4
		Libraries\MFractor.Views\MFractor.Views.projitems*{1ef304db-4157-4ed9-821d-5861dc191d7d}*SharedItemsImports = 4
		Libraries\MFractor.Editor\MFractor.Editor.projitems*{877455e9-b04d-4243-b54d-b901e28720c8}*SharedItemsImports = 13
	EndGlobalSection
	GlobalSection(MonoDevelopProperties) = preSolution
		Policies = $0
		$0.DotNetNamingPolicy = $1
		$1.DirectoryNamespaceAssociation = PrefixedHierarchical
		$0.TextStylePolicy = $5
		version = 4.0.0
	EndGlobalSection
EndGlobal
