Microsoft Visual Studio Solution File, Format Version 12.00
# Visual Studio 2012
Project("{2150E333-8FDC-42A3-9474-1A3956D46DE8}") = "Libraries", "Libraries", "{B9DF7D0C-E8C2-470F-81A1-7EDE4D305B0B}"
EndProject
Project("{2150E333-8FDC-42A3-9474-1A3956D46DE8}") = "Licensing", "Licensing", "{3A0B2C11-43B0-4026-8788-1812ABC47518}"
EndProject
Project("{2150E333-8FDC-42A3-9474-1A3956D46DE8}") = "Tests", "Tests", "{DFF4D049-A5E4-4FE6-8C1B-124548B61D9E}"
EndProject
Project("{FAE04EC0-301F-11D3-BF4B-00C04F79EFBC}") = "MFractor.Licensing.Issuer", "Licensing\MFractor.Licensing.Issuer\MFractor.Licensing.Issuer.csproj", "{BBEC485E-8FE9-4DCD-9C82-CD62EB7C6CDD}"
EndProject
Project("{FAE04EC0-301F-11D3-BF4B-00C04F79EFBC}") = "MFractor.Portable.Licensing", "Licensing\MFractor.Portable.Licensing\MFractor.Portable.Licensing.csproj", "{6E25382A-C6F4-45C4-8C16-84183EEA3902}"
EndProject
Project("{FAE04EC0-301F-11D3-BF4B-00C04F79EFBC}") = "MFractor", "Libraries\MFractor\MFractor.csproj", "{6A3D1BE5-6A2B-48D4-AE92-51DD32F98324}"
EndProject
Project("{FAE04EC0-301F-11D3-BF4B-00C04F79EFBC}") = "MFractor.Localisation", "Libraries\MFractor.Localisation\MFractor.Localisation.csproj", "{CF634CDC-15ED-4FDF-A7E7-28BA434EC491}"
EndProject
Project("{FAE04EC0-301F-11D3-BF4B-00C04F79EFBC}") = "MFractor.Maui", "Libraries\MFractor.Maui\MFractor.Maui.csproj", "{2AEBF345-7438-42EB-A9F1-77F5CBB2BD58}"
EndProject
Project("{FAE04EC0-301F-11D3-BF4B-00C04F79EFBC}") = "MFractor.CSharp", "Libraries\MFractor.CSharp\MFractor.CSharp.csproj", "{01A11926-A8E1-4A1B-A7B3-90DF7C9B0F12}"
EndProject
Project("{FAE04EC0-301F-11D3-BF4B-00C04F79EFBC}") = "MFractor.Fonts", "Libraries\MFractor.Fonts\MFractor.Fonts.csproj", "{72888130-6EC7-4098-A309-2F0761A37CFF}"
EndProject
Project("{9A19103F-16F7-4668-BE54-9A1E7A4F7556}") = "MFractor.Xml", "Libraries\MFractor.Xml\MFractor.Xml.csproj", "{3BC1224B-4FCD-4318-BF48-62D2785FAD47}"
EndProject
Project("{FAE04EC0-301F-11D3-BF4B-00C04F79EFBC}") = "MFractor.iOS", "Libraries\MFractor.iOS\MFractor.iOS.csproj", "{427F7765-E6EF-4130-A607-025093BA3B8F}"
EndProject
Project("{FAE04EC0-301F-11D3-BF4B-00C04F79EFBC}") = "MFractor.Linker", "Libraries\MFractor.Linker\MFractor.Linker.csproj", "{8F20CFA7-F50D-48A4-B054-34BB920CD6B1}"
EndProject
Project("{D954291E-2A0B-460D-934E-DC6B0785DB48}") = "MFractor.Views", "Libraries\MFractor.Views\MFractor.Views.shproj", "{158F7544-798A-497C-BCF1-55DABACE1CCB}"
EndProject
Project("{FAE04EC0-301F-11D3-BF4B-00C04F79EFBC}") = "MFractor.Images", "Libraries\MFractor.Images\MFractor.Images.csproj", "{92F5F145-8D5A-4C03-8960-179855BC0AE2}"
EndProject
Project("{FAE04EC0-301F-11D3-BF4B-00C04F79EFBC}") = "MFractor.VS.Mac", "MFractor.VS.Mac\MFractor.VS.Mac.csproj", "{7E11B3EC-78C2-4D5C-9137-5CA3562335E7}"
EndProject
Project("{D954291E-2A0B-460D-934E-DC6B0785DB48}") = "MFractor.Editor", "Libraries\MFractor.Editor\MFractor.Editor.shproj", "{877455E9-B04D-4243-B54D-B901E28720C8}"
EndProject
Project("{FAE04EC0-301F-11D3-BF4B-00C04F79EFBC}") = "MFractor.SigningKeyGenerator", "Licensing\MFractor.SigningKeyGenerator\MFractor.SigningKeyGenerator.csproj", "{AF53375F-5032-48A3-A374-F9C149FB0294}"
EndProject
Project("{FAE04EC0-301F-11D3-BF4B-00C04F79EFBC}") = "MFractor.Android", "Libraries\MFractor.Android\MFractor.Android.csproj", "{7B5EF0C4-65C7-415A-BDED-BE31CE36E769}"
EndProject
Project("{FAE04EC0-301F-11D3-BF4B-00C04F79EFBC}") = "MFractor.Workspace", "Libraries\MFractor.Workspace\MFractor.Workspace.csproj", "{95AFF499-70DC-48E9-904D-75706BB98A37}"
EndProject
Project("{FAE04EC0-301F-11D3-BF4B-00C04F79EFBC}") = "MFractor.MSBuild", "Libraries\MFractor.MSBuild\MFractor.MSBuild.csproj", "{0FC74F13-434C-4E94-B935-EDBBF15FBC47}"
EndProject
Project("{FAE04EC0-301F-11D3-BF4B-00C04F79EFBC}") = "MFractor.Tinify", "Third Party\MFractor.Tinify\MFractor.Tinify.csproj", "{B800E70C-F228-4269-AC4B-4C61FCB49938}"
EndProject
Project("{2150E333-8FDC-42A3-9474-1A3956D46DE8}") = "Third Party", "Third Party", "{A21BED4F-F055-4DE8-80BE-12D5B9B66238}"
EndProject
Project("{FAE04EC0-301F-11D3-BF4B-00C04F79EFBC}") = "MFractor.Ide", "Libraries\MFractor.Ide\MFractor.Ide.csproj", "{0E1112EC-DB81-4388-A16A-FB8DE3037636}"
EndProject
Project("{FAE04EC0-301F-11D3-BF4B-00C04F79EFBC}") = "MFractor.Code", "Libraries\MFractor.Code\MFractor.Code.csproj", "{C1DF50CA-17C0-4F24-B90F-55F4DFF23501}"
EndProject
Project("{FAE04EC0-301F-11D3-BF4B-00C04F79EFBC}") = "MFractor.Images.Tests", "Tests\MFractor.Images.Tests\MFractor.Images.Tests.csproj", "{99EDB266-F7A9-4DBC-BDB1-E36FDCD40884}"
EndProject
Global
	GlobalSection(SharedMSBuildProjectFiles) = preSolution
		Libraries\MFractor.Views.Shared\MFractor.Views.Shared.projitems*{158f7544-798a-497c-bcf1-55dabace1ccb}*SharedItemsImports = 13
		Libraries\MFractor.Editor\MFractor.Editor.projitems*{1ef304db-4157-4ed9-821d-5861dc191d7d}*SharedItemsImports = 4
		Libraries\MFractor.Editor\MFractor.Editor.projitems*{877455e9-b04d-4243-b54d-b901e28720c8}*SharedItemsImports = 13
		Libraries\MFractor.Views.Shared\MFractor.Views.Shared.projitems*{a429e177-0f70-48d0-b7bd-f6c893362a4c}*SharedItemsImports = 4
	EndGlobalSection
	GlobalSection(SolutionConfigurationPlatforms) = preSolution
		Debug|Any CPU = Debug|Any CPU
		Release|Any CPU = Release|Any CPU
	EndGlobalSection
	GlobalSection(ProjectConfigurationPlatforms) = postSolution
		{BBEC485E-8FE9-4DCD-9C82-CD62EB7C6CDD}.Debug|Any CPU.ActiveCfg = Debug|Any CPU
		{BBEC485E-8FE9-4DCD-9C82-CD62EB7C6CDD}.Debug|Any CPU.Build.0 = Debug|Any CPU
		{BBEC485E-8FE9-4DCD-9C82-CD62EB7C6CDD}.Release|Any CPU.ActiveCfg = Release|Any CPU
		{BBEC485E-8FE9-4DCD-9C82-CD62EB7C6CDD}.Release|Any CPU.Build.0 = Release|Any CPU
		{6E25382A-C6F4-45C4-8C16-84183EEA3902}.Debug|Any CPU.ActiveCfg = Debug|Any CPU
		{6E25382A-C6F4-45C4-8C16-84183EEA3902}.Debug|Any CPU.Build.0 = Debug|Any CPU
		{6E25382A-C6F4-45C4-8C16-84183EEA3902}.Release|Any CPU.ActiveCfg = Release|Any CPU
		{6E25382A-C6F4-45C4-8C16-84183EEA3902}.Release|Any CPU.Build.0 = Release|Any CPU
		{6A3D1BE5-6A2B-48D4-AE92-51DD32F98324}.Debug|Any CPU.ActiveCfg = Debug|Any CPU
		{6A3D1BE5-6A2B-48D4-AE92-51DD32F98324}.Debug|Any CPU.Build.0 = Debug|Any CPU
		{6A3D1BE5-6A2B-48D4-AE92-51DD32F98324}.Release|Any CPU.ActiveCfg = Release|Any CPU
		{6A3D1BE5-6A2B-48D4-AE92-51DD32F98324}.Release|Any CPU.Build.0 = Release|Any CPU
		{CF634CDC-15ED-4FDF-A7E7-28BA434EC491}.Debug|Any CPU.ActiveCfg = Debug|Any CPU
		{CF634CDC-15ED-4FDF-A7E7-28BA434EC491}.Debug|Any CPU.Build.0 = Debug|Any CPU
		{CF634CDC-15ED-4FDF-A7E7-28BA434EC491}.Release|Any CPU.ActiveCfg = Release|Any CPU
		{CF634CDC-15ED-4FDF-A7E7-28BA434EC491}.Release|Any CPU.Build.0 = Release|Any CPU
		{2AEBF345-7438-42EB-A9F1-77F5CBB2BD58}.Debug|Any CPU.ActiveCfg = Debug|Any CPU
		{2AEBF345-7438-42EB-A9F1-77F5CBB2BD58}.Debug|Any CPU.Build.0 = Debug|Any CPU
		{2AEBF345-7438-42EB-A9F1-77F5CBB2BD58}.Release|Any CPU.ActiveCfg = Release|Any CPU
		{2AEBF345-7438-42EB-A9F1-77F5CBB2BD58}.Release|Any CPU.Build.0 = Release|Any CPU
		{01A11926-A8E1-4A1B-A7B3-90DF7C9B0F12}.Debug|Any CPU.ActiveCfg = Debug|Any CPU
		{01A11926-A8E1-4A1B-A7B3-90DF7C9B0F12}.Debug|Any CPU.Build.0 = Debug|Any CPU
		{01A11926-A8E1-4A1B-A7B3-90DF7C9B0F12}.Release|Any CPU.ActiveCfg = Release|Any CPU
		{01A11926-A8E1-4A1B-A7B3-90DF7C9B0F12}.Release|Any CPU.Build.0 = Release|Any CPU
		{72888130-6EC7-4098-A309-2F0761A37CFF}.Debug|Any CPU.ActiveCfg = Debug|Any CPU
		{72888130-6EC7-4098-A309-2F0761A37CFF}.Debug|Any CPU.Build.0 = Debug|Any CPU
		{72888130-6EC7-4098-A309-2F0761A37CFF}.Release|Any CPU.ActiveCfg = Release|Any CPU
		{72888130-6EC7-4098-A309-2F0761A37CFF}.Release|Any CPU.Build.0 = Release|Any CPU
		{3BC1224B-4FCD-4318-BF48-62D2785FAD47}.Debug|Any CPU.ActiveCfg = Debug|Any CPU
		{3BC1224B-4FCD-4318-BF48-62D2785FAD47}.Debug|Any CPU.Build.0 = Debug|Any CPU
		{3BC1224B-4FCD-4318-BF48-62D2785FAD47}.Release|Any CPU.ActiveCfg = Release|Any CPU
		{3BC1224B-4FCD-4318-BF48-62D2785FAD47}.Release|Any CPU.Build.0 = Release|Any CPU
		{427F7765-E6EF-4130-A607-025093BA3B8F}.Debug|Any CPU.ActiveCfg = Debug|Any CPU
		{427F7765-E6EF-4130-A607-025093BA3B8F}.Debug|Any CPU.Build.0 = Debug|Any CPU
		{427F7765-E6EF-4130-A607-025093BA3B8F}.Release|Any CPU.ActiveCfg = Release|Any CPU
		{427F7765-E6EF-4130-A607-025093BA3B8F}.Release|Any CPU.Build.0 = Release|Any CPU
		{8F20CFA7-F50D-48A4-B054-34BB920CD6B1}.Debug|Any CPU.ActiveCfg = Debug|Any CPU
		{8F20CFA7-F50D-48A4-B054-34BB920CD6B1}.Debug|Any CPU.Build.0 = Debug|Any CPU
		{8F20CFA7-F50D-48A4-B054-34BB920CD6B1}.Release|Any CPU.ActiveCfg = Release|Any CPU
		{8F20CFA7-F50D-48A4-B054-34BB920CD6B1}.Release|Any CPU.Build.0 = Release|Any CPU
		{92F5F145-8D5A-4C03-8960-179855BC0AE2}.Debug|Any CPU.ActiveCfg = Debug|Any CPU
		{92F5F145-8D5A-4C03-8960-179855BC0AE2}.Debug|Any CPU.Build.0 = Debug|Any CPU
		{92F5F145-8D5A-4C03-8960-179855BC0AE2}.Release|Any CPU.ActiveCfg = Release|Any CPU
		{92F5F145-8D5A-4C03-8960-179855BC0AE2}.Release|Any CPU.Build.0 = Release|Any CPU
		{7E11B3EC-78C2-4D5C-9137-5CA3562335E7}.Debug|Any CPU.ActiveCfg = Debug|Any CPU
		{7E11B3EC-78C2-4D5C-9137-5CA3562335E7}.Debug|Any CPU.Build.0 = Debug|Any CPU
		{7E11B3EC-78C2-4D5C-9137-5CA3562335E7}.Release|Any CPU.ActiveCfg = Release|Any CPU
		{7E11B3EC-78C2-4D5C-9137-5CA3562335E7}.Release|Any CPU.Build.0 = Release|Any CPU
		{AF53375F-5032-48A3-A374-F9C149FB0294}.Debug|Any CPU.ActiveCfg = Debug|Any CPU
		{AF53375F-5032-48A3-A374-F9C149FB0294}.Debug|Any CPU.Build.0 = Debug|Any CPU
		{AF53375F-5032-48A3-A374-F9C149FB0294}.Release|Any CPU.ActiveCfg = Release|Any CPU
		{AF53375F-5032-48A3-A374-F9C149FB0294}.Release|Any CPU.Build.0 = Release|Any CPU
		{7B5EF0C4-65C7-415A-BDED-BE31CE36E769}.Debug|Any CPU.ActiveCfg = Debug|Any CPU
		{7B5EF0C4-65C7-415A-BDED-BE31CE36E769}.Debug|Any CPU.Build.0 = Debug|Any CPU
		{7B5EF0C4-65C7-415A-BDED-BE31CE36E769}.Release|Any CPU.ActiveCfg = Release|Any CPU
		{7B5EF0C4-65C7-415A-BDED-BE31CE36E769}.Release|Any CPU.Build.0 = Release|Any CPU
		{95AFF499-70DC-48E9-904D-75706BB98A37}.Debug|Any CPU.ActiveCfg = Debug|Any CPU
		{95AFF499-70DC-48E9-904D-75706BB98A37}.Debug|Any CPU.Build.0 = Debug|Any CPU
		{95AFF499-70DC-48E9-904D-75706BB98A37}.Release|Any CPU.ActiveCfg = Release|Any CPU
		{95AFF499-70DC-48E9-904D-75706BB98A37}.Release|Any CPU.Build.0 = Release|Any CPU
		{0FC74F13-434C-4E94-B935-EDBBF15FBC47}.Debug|Any CPU.ActiveCfg = Debug|Any CPU
		{0FC74F13-434C-4E94-B935-EDBBF15FBC47}.Debug|Any CPU.Build.0 = Debug|Any CPU
		{0FC74F13-434C-4E94-B935-EDBBF15FBC47}.Release|Any CPU.ActiveCfg = Release|Any CPU
		{0FC74F13-434C-4E94-B935-EDBBF15FBC47}.Release|Any CPU.Build.0 = Release|Any CPU
		{B800E70C-F228-4269-AC4B-4C61FCB49938}.Debug|Any CPU.ActiveCfg = Debug|Any CPU
		{B800E70C-F228-4269-AC4B-4C61FCB49938}.Debug|Any CPU.Build.0 = Debug|Any CPU
		{B800E70C-F228-4269-AC4B-4C61FCB49938}.Release|Any CPU.ActiveCfg = Release|Any CPU
		{B800E70C-F228-4269-AC4B-4C61FCB49938}.Release|Any CPU.Build.0 = Release|Any CPU
		{0E1112EC-DB81-4388-A16A-FB8DE3037636}.Debug|Any CPU.ActiveCfg = Debug|Any CPU
		{0E1112EC-DB81-4388-A16A-FB8DE3037636}.Debug|Any CPU.Build.0 = Debug|Any CPU
		{0E1112EC-DB81-4388-A16A-FB8DE3037636}.Release|Any CPU.ActiveCfg = Release|Any CPU
		{0E1112EC-DB81-4388-A16A-FB8DE3037636}.Release|Any CPU.Build.0 = Release|Any CPU
		{C1DF50CA-17C0-4F24-B90F-55F4DFF23501}.Debug|Any CPU.ActiveCfg = Debug|Any CPU
		{C1DF50CA-17C0-4F24-B90F-55F4DFF23501}.Debug|Any CPU.Build.0 = Debug|Any CPU
		{C1DF50CA-17C0-4F24-B90F-55F4DFF23501}.Release|Any CPU.ActiveCfg = Release|Any CPU
		{C1DF50CA-17C0-4F24-B90F-55F4DFF23501}.Release|Any CPU.Build.0 = Release|Any CPU
		{99EDB266-F7A9-4DBC-BDB1-E36FDCD40884}.Debug|Any CPU.ActiveCfg = Debug|Any CPU
		{99EDB266-F7A9-4DBC-BDB1-E36FDCD40884}.Debug|Any CPU.Build.0 = Debug|Any CPU
		{99EDB266-F7A9-4DBC-BDB1-E36FDCD40884}.Release|Any CPU.ActiveCfg = Release|Any CPU
		{99EDB266-F7A9-4DBC-BDB1-E36FDCD40884}.Release|Any CPU.Build.0 = Release|Any CPU
	EndGlobalSection
	GlobalSection(SolutionProperties) = preSolution
		HideSolutionNode = FALSE
	EndGlobalSection
	GlobalSection(NestedProjects) = preSolution
		{BBEC485E-8FE9-4DCD-9C82-CD62EB7C6CDD} = {3A0B2C11-43B0-4026-8788-1812ABC47518}
		{6E25382A-C6F4-45C4-8C16-84183EEA3902} = {3A0B2C11-43B0-4026-8788-1812ABC47518}
		{6A3D1BE5-6A2B-48D4-AE92-51DD32F98324} = {B9DF7D0C-E8C2-470F-81A1-7EDE4D305B0B}
		{CF634CDC-15ED-4FDF-A7E7-28BA434EC491} = {B9DF7D0C-E8C2-470F-81A1-7EDE4D305B0B}
		{2AEBF345-7438-42EB-A9F1-77F5CBB2BD58} = {B9DF7D0C-E8C2-470F-81A1-7EDE4D305B0B}
		{01A11926-A8E1-4A1B-A7B3-90DF7C9B0F12} = {B9DF7D0C-E8C2-470F-81A1-7EDE4D305B0B}
		{72888130-6EC7-4098-A309-2F0761A37CFF} = {B9DF7D0C-E8C2-470F-81A1-7EDE4D305B0B}
		{3BC1224B-4FCD-4318-BF48-62D2785FAD47} = {B9DF7D0C-E8C2-470F-81A1-7EDE4D305B0B}
		{427F7765-E6EF-4130-A607-025093BA3B8F} = {B9DF7D0C-E8C2-470F-81A1-7EDE4D305B0B}
		{8F20CFA7-F50D-48A4-B054-34BB920CD6B1} = {B9DF7D0C-E8C2-470F-81A1-7EDE4D305B0B}
		{158F7544-798A-497C-BCF1-55DABACE1CCB} = {B9DF7D0C-E8C2-470F-81A1-7EDE4D305B0B}
		{92F5F145-8D5A-4C03-8960-179855BC0AE2} = {B9DF7D0C-E8C2-470F-81A1-7EDE4D305B0B}
		{877455E9-B04D-4243-B54D-B901E28720C8} = {B9DF7D0C-E8C2-470F-81A1-7EDE4D305B0B}
		{AF53375F-5032-48A3-A374-F9C149FB0294} = {3A0B2C11-43B0-4026-8788-1812ABC47518}
		{7B5EF0C4-65C7-415A-BDED-BE31CE36E769} = {B9DF7D0C-E8C2-470F-81A1-7EDE4D305B0B}
		{95AFF499-70DC-48E9-904D-75706BB98A37} = {B9DF7D0C-E8C2-470F-81A1-7EDE4D305B0B}
		{0FC74F13-434C-4E94-B935-EDBBF15FBC47} = {B9DF7D0C-E8C2-470F-81A1-7EDE4D305B0B}
		{B800E70C-F228-4269-AC4B-4C61FCB49938} = {A21BED4F-F055-4DE8-80BE-12D5B9B66238}
		{0E1112EC-DB81-4388-A16A-FB8DE3037636} = {B9DF7D0C-E8C2-470F-81A1-7EDE4D305B0B}
		{C1DF50CA-17C0-4F24-B90F-55F4DFF23501} = {B9DF7D0C-E8C2-470F-81A1-7EDE4D305B0B}
		{99EDB266-F7A9-4DBC-BDB1-E36FDCD40884} = {DFF4D049-A5E4-4FE6-8C1B-124548B61D9E}
	EndGlobalSection
	GlobalSection(ExtensibilityGlobals) = postSolution
		SolutionGuid = {8B399D0A-2903-4667-BFC6-A6FD12BC6820}
	EndGlobalSection
EndGlobal
